
Microsoft Visual Studio Solution File, Format Version 12.00
# Visual Studio Version 17
VisualStudioVersion = 17.0.31919.166
MinimumVisualStudioVersion = 10.0.40219.1
Project("{FAE04EC0-301F-11D3-BF4B-00C04F79EFBC}") = "MyLibraryWithEntityFrameworkCore", "MyLibraryWithEntityFrameworkCore\MyLibraryWithEntityFrameworkCore.csproj", "{9225C02B-B655-4928-B902-A7275E2C8B07}"
EndProject
Global
	GlobalSection(SolutionConfigurationPlatforms) = preSolution
		Debug|Any CPU = Debug|Any CPU
		Release|Any CPU = Release|Any CPU
	EndGlobalSection
	GlobalSection(ProjectConfigurationPlatforms) = postSolution
		{9225C02B-B655-4928-B902-A7275E2C8B07}.Debug|Any CPU.ActiveCfg = Debug|Any CPU
		{9225C02B-B655-4928-B902-A7275E2C8B07}.Debug|Any CPU.Build.0 = Debug|Any CPU
		{9225C02B-B655-4928-B902-A7275E2C8B07}.Release|Any CPU.ActiveCfg = Release|Any CPU
		{9225C02B-B655-4928-B902-A7275E2C8B07}.Release|Any CPU.Build.0 = Release|Any CPU
	EndGlobalSection
	GlobalSection(SolutionProperties) = preSolution
		HideSolutionNode = FALSE
	EndGlobalSection
	GlobalSection(ExtensibilityGlobals) = postSolution
		SolutionGuid = {D6D01B68-384C-43CF-AFCB-5CA4DFC8DE59}
	EndGlobalSection
EndGlobal
